
Microsoft Visual Studio Solution File, Format Version 12.00
# Visual Studio 15
VisualStudioVersion = 15.0.28010.2016
MinimumVisualStudioVersion = 10.0.40219.1
Project("{FAE04EC0-301F-11D3-BF4B-00C04F79EFBC}") = "lab06", "lab06.csproj", "{9E8586D4-B1C0-444E-98EF-71837436E3BA}"
EndProject
Global
	GlobalSection(SolutionConfigurationPlatforms) = preSolution
		Debug|Any CPU = Debug|Any CPU
		Debug|x86 = Debug|x86
		Release|Any CPU = Release|Any CPU
		Release|x86 = Release|x86
	EndGlobalSection
	GlobalSection(ProjectConfigurationPlatforms) = postSolution
		{9E8586D4-B1C0-444E-98EF-71837436E3BA}.Debug|Any CPU.ActiveCfg = Debug|x86
		{9E8586D4-B1C0-444E-98EF-71837436E3BA}.Debug|x86.ActiveCfg = Debug|x86
		{9E8586D4-B1C0-444E-98EF-71837436E3BA}.Debug|x86.Build.0 = Debug|x86
		{9E8586D4-B1C0-444E-98EF-71837436E3BA}.Release|Any CPU.ActiveCfg = Release|x86
		{9E8586D4-B1C0-444E-98EF-71837436E3BA}.Release|x86.ActiveCfg = Release|x86
		{9E8586D4-B1C0-444E-98EF-71837436E3BA}.Release|x86.Build.0 = Release|x86
	EndGlobalSection
	GlobalSection(SolutionProperties) = preSolution
		HideSolutionNode = FALSE
	EndGlobalSection
	GlobalSection(ExtensibilityGlobals) = postSolution
		SolutionGuid = {6D85B5EB-5732-4ECE-A983-1F1448397B5C}
	EndGlobalSection
EndGlobal
